
Microsoft Visual Studio Solution File, Format Version 12.00
# Visual Studio Version 17
VisualStudioVersion = 17.11.35312.102
MinimumVisualStudioVersion = 10.0.40219.1
Project("{2150E333-8FDC-42A3-9474-1A3956D46DE8}") = "Solution Items", "Solution Items", "{6F72D2FC-3AC9-451F-B6B9-907E32B23B5C}"
	ProjectSection(SolutionItems) = preProject
		.gitignore = .gitignore
		.github\workflows\dotnet.yml = .github\workflows\dotnet.yml
		projscan.json = projscan.json
		README.md = README.md
		t2g.cmd = t2g.cmd
		version.json = version.json
	EndProjectSection
EndProject
Project("{FAE04EC0-301F-11D3-BF4B-00C04F79EFBC}") = "DTOMaker.MessagePack", "DTOMaker.MessagePack\DTOMaker.MessagePack.csproj", "{49579A6F-590A-4890-B152-2E0187EA3B06}"
EndProject
Project("{FAE04EC0-301F-11D3-BF4B-00C04F79EFBC}") = "DTOMaker.MessagePack.Tests", "DTOMaker.MessagePack.Tests\DTOMaker.MessagePack.Tests.csproj", "{DD6C7AD4-0CC7-43C0-981F-177922CC0C26}"
EndProject
Project("{FAE04EC0-301F-11D3-BF4B-00C04F79EFBC}") = "DTOMaker.Models.MessagePack", "DTOMaker.Models.MessagePack\DTOMaker.Models.MessagePack.csproj", "{D87B9BC9-7B4F-4590-B803-7734A5D7C793}"
EndProject
Project("{FAE04EC0-301F-11D3-BF4B-00C04F79EFBC}") = "DTOMaker.Runtime.MessagePack", "DTOMaker.Runtime.MessagePack\DTOMaker.Runtime.MessagePack.csproj", "{B094DFEC-896E-4860-B823-1032557E87FD}"
EndProject
Project("{FAE04EC0-301F-11D3-BF4B-00C04F79EFBC}") = "Template.MessagePack", "Template.MessagePack\Template.MessagePack.csproj", "{E41D94B3-092F-4385-87D2-E88D2D48525A}"
EndProject
Project("{FAE04EC0-301F-11D3-BF4B-00C04F79EFBC}") = "Template.MessagePack.Tests", "Template.MessagePack.Tests\Template.MessagePack.Tests.csproj", "{7C84EB0F-1C88-45CA-9ACB-44F2A68F0901}"
EndProject
Project("{2150E333-8FDC-42A3-9474-1A3956D46DE8}") = "Common", "Common", "{EA84EF56-0D96-4A7A-9D2C-083AE6C49B62}"
EndProject
Project("{D954291E-2A0B-460D-934E-DC6B0785DB48}") = "DTOMaker.Core.Shared", "DTOMaker.Core.Shared\DTOMaker.Core.Shared.shproj", "{AF5E10B1-3CB5-4C67-87C2-E8E8918CE3CD}"
EndProject
Global
	GlobalSection(SolutionConfigurationPlatforms) = preSolution
		Debug|Any CPU = Debug|Any CPU
		Release|Any CPU = Release|Any CPU
	EndGlobalSection
	GlobalSection(ProjectConfigurationPlatforms) = postSolution
		{49579A6F-590A-4890-B152-2E0187EA3B06}.Debug|Any CPU.ActiveCfg = Debug|Any CPU
		{49579A6F-590A-4890-B152-2E0187EA3B06}.Debug|Any CPU.Build.0 = Debug|Any CPU
		{49579A6F-590A-4890-B152-2E0187EA3B06}.Release|Any CPU.ActiveCfg = Release|Any CPU
		{49579A6F-590A-4890-B152-2E0187EA3B06}.Release|Any CPU.Build.0 = Release|Any CPU
		{DD6C7AD4-0CC7-43C0-981F-177922CC0C26}.Debug|Any CPU.ActiveCfg = Debug|Any CPU
		{DD6C7AD4-0CC7-43C0-981F-177922CC0C26}.Debug|Any CPU.Build.0 = Debug|Any CPU
		{DD6C7AD4-0CC7-43C0-981F-177922CC0C26}.Release|Any CPU.ActiveCfg = Release|Any CPU
		{DD6C7AD4-0CC7-43C0-981F-177922CC0C26}.Release|Any CPU.Build.0 = Release|Any CPU
		{D87B9BC9-7B4F-4590-B803-7734A5D7C793}.Debug|Any CPU.ActiveCfg = Debug|Any CPU
		{D87B9BC9-7B4F-4590-B803-7734A5D7C793}.Debug|Any CPU.Build.0 = Debug|Any CPU
		{D87B9BC9-7B4F-4590-B803-7734A5D7C793}.Release|Any CPU.ActiveCfg = Release|Any CPU
		{D87B9BC9-7B4F-4590-B803-7734A5D7C793}.Release|Any CPU.Build.0 = Release|Any CPU
		{B094DFEC-896E-4860-B823-1032557E87FD}.Debug|Any CPU.ActiveCfg = Debug|Any CPU
		{B094DFEC-896E-4860-B823-1032557E87FD}.Debug|Any CPU.Build.0 = Debug|Any CPU
		{B094DFEC-896E-4860-B823-1032557E87FD}.Release|Any CPU.ActiveCfg = Release|Any CPU
		{B094DFEC-896E-4860-B823-1032557E87FD}.Release|Any CPU.Build.0 = Release|Any CPU
		{E41D94B3-092F-4385-87D2-E88D2D48525A}.Debug|Any CPU.ActiveCfg = Debug|Any CPU
		{E41D94B3-092F-4385-87D2-E88D2D48525A}.Debug|Any CPU.Build.0 = Debug|Any CPU
		{E41D94B3-092F-4385-87D2-E88D2D48525A}.Release|Any CPU.ActiveCfg = Release|Any CPU
		{E41D94B3-092F-4385-87D2-E88D2D48525A}.Release|Any CPU.Build.0 = Release|Any CPU
		{7C84EB0F-1C88-45CA-9ACB-44F2A68F0901}.Debug|Any CPU.ActiveCfg = Debug|Any CPU
		{7C84EB0F-1C88-45CA-9ACB-44F2A68F0901}.Debug|Any CPU.Build.0 = Debug|Any CPU
		{7C84EB0F-1C88-45CA-9ACB-44F2A68F0901}.Release|Any CPU.ActiveCfg = Release|Any CPU
		{7C84EB0F-1C88-45CA-9ACB-44F2A68F0901}.Release|Any CPU.Build.0 = Release|Any CPU
	EndGlobalSection
	GlobalSection(SolutionProperties) = preSolution
		HideSolutionNode = FALSE
	EndGlobalSection
	GlobalSection(NestedProjects) = preSolution
		{AF5E10B1-3CB5-4C67-87C2-E8E8918CE3CD} = {EA84EF56-0D96-4A7A-9D2C-083AE6C49B62}
	EndGlobalSection
	GlobalSection(ExtensibilityGlobals) = postSolution
		SolutionGuid = {2C984986-C2C9-4136-A2D4-1A5FE9BDF8F0}
	EndGlobalSection
	GlobalSection(SharedMSBuildProjectFiles) = preSolution
		DTOMaker.Core.Shared\DTOMaker.Core.Shared.projitems*{49579a6f-590a-4890-b152-2e0187ea3b06}*SharedItemsImports = 5
		DTOMaker.Core.Shared\DTOMaker.Core.Shared.projitems*{af5e10b1-3cb5-4c67-87c2-e8e8918ce3cd}*SharedItemsImports = 13
	EndGlobalSection
EndGlobal
